{
  "name": "gibber-graph",
  "version": "1.0.0",
  "lockfileVersion": 1,
  "requires": true,
  "dependencies": {
    "parcel-plugin-svelte": {
      "version": "4.0.7",
      "resolved": "https://registry.npmjs.org/parcel-plugin-svelte/-/parcel-plugin-svelte-4.0.7.tgz",
      "integrity": "sha512-Psah1zcARZ01l21Ssz8SNHv+pp15nIXR4huHPAZ1Qxy5OQX32/C/J/M9VXuEqgS0OgVrrCnYIrUGcmb8oh1Iiw==",
      "dev": true
    }
  }
}
